// !$*UTF8*$!
{
	archiveVersion = 1;
	classes = {
	};
	objectVersion = 48;
	objects = {

/* Begin PBXBuildFile section */
		A24F928E205560A000116329 /* AppDelegate.swift in Sources */ = {isa = PBXBuildFile; fileRef = A24F928D205560A000116329 /* AppDelegate.swift */; };
		A24F9293205560A000116329 /* Main.storyboard in Resources */ = {isa = PBXBuildFile; fileRef = A24F9291205560A000116329 /* Main.storyboard */; };
		A24F9296205560A000116329 /* FRCoreData.xcdatamodeld in Sources */ = {isa = PBXBuildFile; fileRef = A24F9294205560A000116329 /* FRCoreData.xcdatamodeld */; };
		A24F9298205560A000116329 /* Assets.xcassets in Resources */ = {isa = PBXBuildFile; fileRef = A24F9297205560A000116329 /* Assets.xcassets */; };
		A24F929B205560A000116329 /* LaunchScreen.storyboard in Resources */ = {isa = PBXBuildFile; fileRef = A24F9299205560A000116329 /* LaunchScreen.storyboard */; };
		A24F92A3205560D600116329 /* AuthorTableViewController.swift in Sources */ = {isa = PBXBuildFile; fileRef = A24F92A2205560D600116329 /* AuthorTableViewController.swift */; };
		A24F92A5205561F900116329 /* AddViewController.swift in Sources */ = {isa = PBXBuildFile; fileRef = A24F92A4205561F900116329 /* AddViewController.swift */; };
		A24F92A82055631E00116329 /* Author+CoreDataClass.swift in Sources */ = {isa = PBXBuildFile; fileRef = A24F92A62055631E00116329 /* Author+CoreDataClass.swift */; };
		A24F92AB205568C600116329 /* BooksTableViewController.swift in Sources */ = {isa = PBXBuildFile; fileRef = A24F92AA205568C600116329 /* BooksTableViewController.swift */; };
		A24F92AF20556CFB00116329 /* Book+CoreDataClass.swift in Sources */ = {isa = PBXBuildFile; fileRef = A24F92AC20556CFB00116329 /* Book+CoreDataClass.swift */; };
		A24F92B020556CFB00116329 /* Book+CoreDataProperties.swift in Sources */ = {isa = PBXBuildFile; fileRef = A24F92AD20556CFB00116329 /* Book+CoreDataProperties.swift */; };
		A24F92B120556CFB00116329 /* Author+CoreDataProperties.swift in Sources */ = {isa = PBXBuildFile; fileRef = A24F92AE20556CFB00116329 /* Author+CoreDataProperties.swift */; };
/* End PBXBuildFile section */

/* Begin PBXFileReference section */
		A24F928A205560A000116329 /* FRCoreData.app */ = {isa = PBXFileReference; explicitFileType = wrapper.application; includeInIndex = 0; path = FRCoreData.app; sourceTree = BUILT_PRODUCTS_DIR; };
		A24F928D205560A000116329 /* AppDelegate.swift */ = {isa = PBXFileReference; lastKnownFileType = sourcecode.swift; path = AppDelegate.swift; sourceTree = "<group>"; };
		A24F9292205560A000116329 /* Base */ = {isa = PBXFileReference; lastKnownFileType = file.storyboard; name = Base; path = Base.lproj/Main.storyboard; sourceTree = "<group>"; };
		A24F9295205560A000116329 /* FRCoreData.xcdatamodel */ = {isa = PBXFileReference; lastKnownFileType = wrapper.xcdatamodel; path = FRCoreData.xcdatamodel; sourceTree = "<group>"; };
		A24F9297205560A000116329 /* Assets.xcassets */ = {isa = PBXFileReference; lastKnownFileType = folder.assetcatalog; path = Assets.xcassets; sourceTree = "<group>"; };
		A24F929A205560A000116329 /* Base */ = {isa = PBXFileReference; lastKnownFileType = file.storyboard; name = Base; path = Base.lproj/LaunchScreen.storyboard; sourceTree = "<group>"; };
		A24F929C205560A000116329 /* Info.plist */ = {isa = PBXFileReference; lastKnownFileType = text.plist.xml; path = Info.plist; sourceTree = "<group>"; };
		A24F92A2205560D600116329 /* AuthorTableViewController.swift */ = {isa = PBXFileReference; lastKnownFileType = sourcecode.swift; path = AuthorTableViewController.swift; sourceTree = "<group>"; };
		A24F92A4205561F900116329 /* AddViewController.swift */ = {isa = PBXFileReference; lastKnownFileType = sourcecode.swift; path = AddViewController.swift; sourceTree = "<group>"; };
		A24F92A62055631E00116329 /* Author+CoreDataClass.swift */ = {isa = PBXFileReference; lastKnownFileType = sourcecode.swift; path = "Author+CoreDataClass.swift"; sourceTree = "<group>"; };
		A24F92AA205568C600116329 /* BooksTableViewController.swift */ = {isa = PBXFileReference; lastKnownFileType = sourcecode.swift; path = BooksTableViewController.swift; sourceTree = "<group>"; };
		A24F92AC20556CFB00116329 /* Book+CoreDataClass.swift */ = {isa = PBXFileReference; lastKnownFileType = sourcecode.swift; path = "Book+CoreDataClass.swift"; sourceTree = "<group>"; };
		A24F92AD20556CFB00116329 /* Book+CoreDataProperties.swift */ = {isa = PBXFileReference; lastKnownFileType = sourcecode.swift; path = "Book+CoreDataProperties.swift"; sourceTree = "<group>"; };
		A24F92AE20556CFB00116329 /* Author+CoreDataProperties.swift */ = {isa = PBXFileReference; lastKnownFileType = sourcecode.swift; path = "Author+CoreDataProperties.swift"; sourceTree = "<group>"; };
/* End PBXFileReference section */

/* Begin PBXFrameworksBuildPhase section */
		A24F9287205560A000116329 /* Frameworks */ = {
			isa = PBXFrameworksBuildPhase;
			buildActionMask = 2147483647;
			files = (
			);
			runOnlyForDeploymentPostprocessing = 0;
		};
/* End PBXFrameworksBuildPhase section */

/* Begin PBXGroup section */
		A24F9281205560A000116329 = {
			isa = PBXGroup;
			children = (
				A24F92AC20556CFB00116329 /* Book+CoreDataClass.swift */,
				A24F92AD20556CFB00116329 /* Book+CoreDataProperties.swift */,
				A24F92AE20556CFB00116329 /* Author+CoreDataProperties.swift */,
				A24F92A62055631E00116329 /* Author+CoreDataClass.swift */,
				A24F928C205560A000116329 /* FRCoreData */,
				A24F928B205560A000116329 /* Products */,
			);
			sourceTree = "<group>";
		};
		A24F928B205560A000116329 /* Products */ = {
			isa = PBXGroup;
			children = (
				A24F928A205560A000116329 /* FRCoreData.app */,
			);
			name = Products;
			sourceTree = "<group>";
		};
		A24F928C205560A000116329 /* FRCoreData */ = {
			isa = PBXGroup;
			children = (
				A24F928D205560A000116329 /* AppDelegate.swift */,
				A24F92A2205560D600116329 /* AuthorTableViewController.swift */,
				A24F92AA205568C600116329 /* BooksTableViewController.swift */,
				A24F92A4205561F900116329 /* AddViewController.swift */,
				A24F9291205560A000116329 /* Main.storyboard */,
				A24F9297205560A000116329 /* Assets.xcassets */,
				A24F9299205560A000116329 /* LaunchScreen.storyboard */,
				A24F929C205560A000116329 /* Info.plist */,
				A24F9294205560A000116329 /* FRCoreData.xcdatamodeld */,
			);
			path = FRCoreData;
			sourceTree = "<group>";
		};
/* End PBXGroup section */

/* Begin PBXNativeTarget section */
		A24F9289205560A000116329 /* FRCoreData */ = {
			isa = PBXNativeTarget;
			buildConfigurationList = A24F929F205560A000116329 /* Build configuration list for PBXNativeTarget "FRCoreData" */;
			buildPhases = (
				A24F9286205560A000116329 /* Sources */,
				A24F9287205560A000116329 /* Frameworks */,
				A24F9288205560A000116329 /* Resources */,
			);
			buildRules = (
			);
			dependencies = (
			);
			name = FRCoreData;
			productName = FRCoreData;
			productReference = A24F928A205560A000116329 /* FRCoreData.app */;
			productType = "com.apple.product-type.application";
		};
/* End PBXNativeTarget section */

/* Begin PBXProject section */
		A24F9282205560A000116329 /* Project object */ = {
			isa = PBXProject;
			attributes = {
				LastSwiftUpdateCheck = 0920;
				LastUpgradeCheck = 0920;
				ORGANIZATIONNAME = "Parthiban M";
				TargetAttributes = {
					A24F9289205560A000116329 = {
						CreatedOnToolsVersion = 9.2;
						ProvisioningStyle = Automatic;
					};
				};
			};
			buildConfigurationList = A24F9285205560A000116329 /* Build configuration list for PBXProject "FRCoreData" */;
			compatibilityVersion = "Xcode 8.0";
			developmentRegion = en;
			hasScannedForEncodings = 0;
			knownRegions = (
				en,
				Base,
			);
			mainGroup = A24F9281205560A000116329;
			productRefGroup = A24F928B205560A000116329 /* Products */;
			projectDirPath = "";
			projectRoot = "";
			targets = (
				A24F9289205560A000116329 /* FRCoreData */,
			);
		};
/* End PBXProject section */

/* Begin PBXResourcesBuildPhase section */
		A24F9288205560A000116329 /* Resources */ = {
			isa = PBXResourcesBuildPhase;
			buildActionMask = 2147483647;
			files = (
				A24F929B205560A000116329 /* LaunchScreen.storyboard in Resources */,
				A24F9298205560A000116329 /* Assets.xcassets in Resources */,
				A24F9293205560A000116329 /* Main.storyboard in Resources */,
			);
			runOnlyForDeploymentPostprocessing = 0;
		};
/* End PBXResourcesBuildPhase section */

/* Begin PBXSourcesBuildPhase section */
		A24F9286205560A000116329 /* Sources */ = {
			isa = PBXSourcesBuildPhase;
			buildActionMask = 2147483647;
			files = (
				A24F92A3205560D600116329 /* AuthorTableViewController.swift in Sources */,
				A24F9296205560A000116329 /* FRCoreData.xcdatamodeld in Sources */,
				A24F92B120556CFB00116329 /* Author+CoreDataProperties.swift in Sources */,
				A24F92AF20556CFB00116329 /* Book+CoreDataClass.swift in Sources */,
				A24F92AB205568C600116329 /* BooksTableViewController.swift in Sources */,
				A24F92A82055631E00116329 /* Author+CoreDataClass.swift in Sources */,
				A24F92A5205561F900116329 /* AddViewController.swift in Sources */,
				A24F92B020556CFB00116329 /* Book+CoreDataProperties.swift in Sources */,
				A24F928E205560A000116329 /* AppDelegate.swift in Sources */,
			);
			runOnlyForDeploymentPostprocessing = 0;
		};
/* End PBXSourcesBuildPhase section */

/* Begin PBXVariantGroup section */
		A24F9291205560A000116329 /* Main.storyboard */ = {
			isa = PBXVariantGroup;
			children = (
				A24F9292205560A000116329 /* Base */,
			);
			name = Main.storyboard;
			sourceTree = "<group>";
		};
		A24F9299205560A000116329 /* LaunchScreen.storyboard */ = {
			isa = PBXVariantGroup;
			children = (
				A24F929A205560A000116329 /* Base */,
			);
			name = LaunchScreen.storyboard;
			sourceTree = "<group>";
		};
/* End PBXVariantGroup section */

/* Begin XCBuildConfiguration section */
		A24F929D205560A000116329 /* Debug */ = {
			isa = XCBuildConfiguration;
			buildSettings = {
				ALWAYS_SEARCH_USER_PATHS = NO;
				CLANG_ANALYZER_NONNULL = YES;
				CLANG_ANALYZER_NUMBER_OBJECT_CONVERSION = YES_AGGRESSIVE;
				CLANG_CXX_LANGUAGE_STANDARD = "gnu++14";
				CLANG_CXX_LIBRARY = "libc++";
				CLANG_ENABLE_MODULES = YES;
				CLANG_ENABLE_OBJC_ARC = YES;
				CLANG_WARN_BLOCK_CAPTURE_AUTORELEASING = YES;
				CLANG_WARN_BOOL_CONVERSION = YES;
				CLANG_WARN_COMMA = YES;
				CLANG_WARN_CONSTANT_CONVERSION = YES;
				CLANG_WARN_DIRECT_OBJC_ISA_USAGE = YES_ERROR;
				CLANG_WARN_DOCUMENTATION_COMMENTS = YES;
				CLANG_WARN_EMPTY_BODY = YES;
				CLANG_WARN_ENUM_CONVERSION = YES;
				CLANG_WARN_INFINITE_RECURSION = YES;
				CLANG_WARN_INT_CONVERSION = YES;
				CLANG_WARN_NON_LITERAL_NULL_CONVERSION = YES;
				CLANG_WARN_OBJC_LITERAL_CONVERSION = YES;
				CLANG_WARN_OBJC_ROOT_CLASS = YES_ERROR;
				CLANG_WARN_RANGE_LOOP_ANALYSIS = YES;
				CLANG_WARN_STRICT_PROTOTYPES = YES;
				CLANG_WARN_SUSPICIOUS_MOVE = YES;
				CLANG_WARN_UNGUARDED_AVAILABILITY = YES_AGGRESSIVE;
				CLANG_WARN_UNREACHABLE_CODE = YES;
				CLANG_WARN__DUPLICATE_METHOD_MATCH = YES;
				CODE_SIGN_IDENTITY = "iPhone Developer";
				COPY_PHASE_STRIP = NO;
				DEBUG_INFORMATION_FORMAT = dwarf;
				ENABLE_STRICT_OBJC_MSGSEND = YES;
				ENABLE_TESTABILITY = YES;
				GCC_C_LANGUAGE_STANDARD = gnu11;
				GCC_DYNAMIC_NO_PIC = NO;
				GCC_NO_COMMON_BLOCKS = YES;
				GCC_OPTIMIZATION_LEVEL = 0;
				GCC_PREPROCESSOR_DEFINITIONS = (
					"DEBUG=1",
					"$(inherited)",
				);
				GCC_WARN_64_TO_32_BIT_CONVERSION = YES;
				GCC_WARN_ABOUT_RETURN_TYPE = YES_ERROR;
				GCC_WARN_UNDECLARED_SELECTOR = YES;
				GCC_WARN_UNINITIALIZED_AUTOS = YES_AGGRESSIVE;
				GCC_WARN_UNUSED_FUNCTION = YES;
				GCC_WARN_UNUSED_VARIABLE = YES;
				IPHONEOS_DEPLOYMENT_TARGET = 11.2;
				MTL_ENABLE_DEBUG_INFO = YES;
				ONLY_ACTIVE_ARCH = YES;
				SDKROOT = iphoneos;
				SWIFT_ACTIVE_COMPILATION_CONDITIONS = DEBUG;
				SWIFT_OPTIMIZATION_LEVEL = "-Onone";
			};
			name = Debug;
		};
		A24F929E205560A000116329 /* Release */ = {
			isa = XCBuildConfiguration;
			buildSettings = {
				ALWAYS_SEARCH_USER_PATHS = NO;
				CLANG_ANALYZER_NONNULL = YES;
				CLANG_ANALYZER_NUMBER_OBJECT_CONVERSION = YES_AGGRESSIVE;
				CLANG_CXX_LANGUAGE_STANDARD = "gnu++14";
				CLANG_CXX_LIBRARY = "libc++";
				CLANG_ENABLE_MODULES = YES;
				CLANG_ENABLE_OBJC_ARC = YES;
				CLANG_WARN_BLOCK_CAPTURE_AUTORELEASING = YES;
				CLANG_WARN_BOOL_CONVERSION = YES;
				CLANG_WARN_COMMA = YES;
				CLANG_WARN_CONSTANT_CONVERSION = YES;
				CLANG_WARN_DIRECT_OBJC_ISA_USAGE = YES_ERROR;
				CLANG_WARN_DOCUMENTATION_COMMENTS = YES;
				CLANG_WARN_EMPTY_BODY = YES;
				CLANG_WARN_ENUM_CONVERSION = YES;
				CLANG_WARN_INFINITE_RECURSION = YES;
				CLANG_WARN_INT_CONVERSION = YES;
				CLANG_WARN_NON_LITERAL_NULL_CONVERSION = YES;
				CLANG_WARN_OBJC_LITERAL_CONVERSION = YES;
				CLANG_WARN_OBJC_ROOT_CLASS = YES_ERROR;
				CLANG_WARN_RANGE_LOOP_ANALYSIS = YES;
				CLANG_WARN_STRICT_PROTOTYPES = YES;
				CLANG_WARN_SUSPICIOUS_MOVE = YES;
				CLANG_WARN_UNGUARDED_AVAILABILITY = YES_AGGRESSIVE;
				CLANG_WARN_UNREACHABLE_CODE = YES;
				CLANG_WARN__DUPLICATE_METHOD_MATCH = YES;
				CODE_SIGN_IDENTITY = "iPhone Developer";
				COPY_PHASE_STRIP = NO;
				DEBUG_INFORMATION_FORMAT = "dwarf-with-dsym";
				ENABLE_NS_ASSERTIONS = NO;
				ENABLE_STRICT_OBJC_MSGSEND = YES;
				GCC_C_LANGUAGE_STANDARD = gnu11;
				GCC_NO_COMMON_BLOCKS = YES;
				GCC_WARN_64_TO_32_BIT_CONVERSION = YES;
				GCC_WARN_ABOUT_RETURN_TYPE = YES_ERROR;
				GCC_WARN_UNDECLARED_SELECTOR = YES;
				GCC_WARN_UNINITIALIZED_AUTOS = YES_AGGRESSIVE;
				GCC_WARN_UNUSED_FUNCTION = YES;
				GCC_WARN_UNUSED_VARIABLE = YES;
				IPHONEOS_DEPLOYMENT_TARGET = 11.2;
				MTL_ENABLE_DEBUG_INFO = NO;
				SDKROOT = iphoneos;
				SWIFT_OPTIMIZATION_LEVEL = "-Owholemodule";
				VALIDATE_PRODUCT = YES;
			};
			name = Release;
		};
		A24F92A0205560A000116329 /* Debug */ = {
			isa = XCBuildConfiguration;
			buildSettings = {
				ASSETCATALOG_COMPILER_APPICON_NAME = AppIcon;
				CODE_SIGN_STYLE = Automatic;
				INFOPLIST_FILE = FRCoreData/Info.plist;
				LD_RUNPATH_SEARCH_PATHS = "$(inherited) @executable_path/Frameworks";
				PRODUCT_BUNDLE_IDENTIFIER = com.parthi.app.FRCoreData;
				PRODUCT_NAME = "$(TARGET_NAME)";
				SWIFT_VERSION = 4.0;
				TARGETED_DEVICE_FAMILY = "1,2";
			};
			name = Debug;
		};
		A24F92A1205560A000116329 /* Release */ = {
			isa = XCBuildConfiguration;
			buildSettings = {
				ASSETCATALOG_COMPILER_APPICON_NAME = AppIcon;
				CODE_SIGN_STYLE = Automatic;
				INFOPLIST_FILE = FRCoreData/Info.plist;
				LD_RUNPATH_SEARCH_PATHS = "$(inherited) @executable_path/Frameworks";
				PRODUCT_BUNDLE_IDENTIFIER = com.parthi.app.FRCoreData;
				PRODUCT_NAME = "$(TARGET_NAME)";
				SWIFT_VERSION = 4.0;
				TARGETED_DEVICE_FAMILY = "1,2";
			};
			name = Release;
		};
/* End XCBuildConfiguration section */

/* Begin XCConfigurationList section */
		A24F9285205560A000116329 /* Build configuration list for PBXProject "FRCoreData" */ = {
			isa = XCConfigurationList;
			buildConfigurations = (
				A24F929D205560A000116329 /* Debug */,
				A24F929E205560A000116329 /* Release */,
			);
			defaultConfigurationIsVisible = 0;
			defaultConfigurationName = Release;
		};
		A24F929F205560A000116329 /* Build configuration list for PBXNativeTarget "FRCoreData" */ = {
			isa = XCConfigurationList;
			buildConfigurations = (
				A24F92A0205560A000116329 /* Debug */,
				A24F92A1205560A000116329 /* Release */,
			);
			defaultConfigurationIsVisible = 0;
			defaultConfigurationName = Release;
		};
/* End XCConfigurationList section */

/* Begin XCVersionGroup section */
		A24F9294205560A000116329 /* FRCoreData.xcdatamodeld */ = {
			isa = XCVersionGroup;
			children = (
				A24F9295205560A000116329 /* FRCoreData.xcdatamodel */,
			);
			currentVersion = A24F9295205560A000116329 /* FRCoreData.xcdatamodel */;
			path = FRCoreData.xcdatamodeld;
			sourceTree = "<group>";
			versionGroupType = wrapper.xcdatamodel;
		};
/* End XCVersionGroup section */
	};
	rootObject = A24F9282205560A000116329 /* Project object */;
}
